
Microsoft Visual Studio Solution File, Format Version 12.00
# Visual Studio Version 17
VisualStudioVersion = 17.11.35219.272
MinimumVisualStudioVersion = 10.0.40219.1
Project("{9A19103F-16F7-4668-BE54-9A1E7A4F7556}") = "Kafka.Consumer", "Kafka.Consumer\Kafka.Consumer.csproj", "{B730C032-D407-4C61-BB44-7B2904796D88}"
EndProject
Project("{9A19103F-16F7-4668-BE54-9A1E7A4F7556}") = "Kafka.Producer", "Kafka.Producer\Kafka.Producer.csproj", "{76FB3BB5-7E72-47E0-8ED1-F8A0B6ADF550}"
EndProject
Project("{E53339B2-1760-4266-BCC7-CA923CBCF16C}") = "docker-compose", "docker-compose.dcproj", "{04D203A8-8F04-4789-8DE3-4D1450926C80}"
EndProject
Project("{FAE04EC0-301F-11D3-BF4B-00C04F79EFBC}") = "Kafka.Consumer2", "Kafka.Consumer2\Kafka.Consumer2.csproj", "{42EE3545-599B-4633-A418-038943B13F26}"
EndProject
Global
	GlobalSection(SolutionConfigurationPlatforms) = preSolution
		Debug|Any CPU = Debug|Any CPU
		Release|Any CPU = Release|Any CPU
	EndGlobalSection
	GlobalSection(ProjectConfigurationPlatforms) = postSolution
		{B730C032-D407-4C61-BB44-7B2904796D88}.Debug|Any CPU.ActiveCfg = Debug|Any CPU
		{B730C032-D407-4C61-BB44-7B2904796D88}.Debug|Any CPU.Build.0 = Debug|Any CPU
		{B730C032-D407-4C61-BB44-7B2904796D88}.Release|Any CPU.ActiveCfg = Release|Any CPU
		{B730C032-D407-4C61-BB44-7B2904796D88}.Release|Any CPU.Build.0 = Release|Any CPU
		{76FB3BB5-7E72-47E0-8ED1-F8A0B6ADF550}.Debug|Any CPU.ActiveCfg = Debug|Any CPU
		{76FB3BB5-7E72-47E0-8ED1-F8A0B6ADF550}.Debug|Any CPU.Build.0 = Debug|Any CPU
		{76FB3BB5-7E72-47E0-8ED1-F8A0B6ADF550}.Release|Any CPU.ActiveCfg = Release|Any CPU
		{76FB3BB5-7E72-47E0-8ED1-F8A0B6ADF550}.Release|Any CPU.Build.0 = Release|Any CPU
		{04D203A8-8F04-4789-8DE3-4D1450926C80}.Debug|Any CPU.ActiveCfg = Debug|Any CPU
		{04D203A8-8F04-4789-8DE3-4D1450926C80}.Debug|Any CPU.Build.0 = Debug|Any CPU
		{04D203A8-8F04-4789-8DE3-4D1450926C80}.Release|Any CPU.ActiveCfg = Release|Any CPU
		{04D203A8-8F04-4789-8DE3-4D1450926C80}.Release|Any CPU.Build.0 = Release|Any CPU
		{42EE3545-599B-4633-A418-038943B13F26}.Debug|Any CPU.ActiveCfg = Debug|Any CPU
		{42EE3545-599B-4633-A418-038943B13F26}.Debug|Any CPU.Build.0 = Debug|Any CPU
		{42EE3545-599B-4633-A418-038943B13F26}.Release|Any CPU.ActiveCfg = Release|Any CPU
		{42EE3545-599B-4633-A418-038943B13F26}.Release|Any CPU.Build.0 = Release|Any CPU
	EndGlobalSection
	GlobalSection(SolutionProperties) = preSolution
		HideSolutionNode = FALSE
	EndGlobalSection
	GlobalSection(ExtensibilityGlobals) = postSolution
		SolutionGuid = {6CC4505A-5A29-4086-BF38-B41B67487433}
	EndGlobalSection
EndGlobal
